{
  "nodes": {
    "nixpkgs": {
      "locked": {
        "lastModified": 1754284898,
        "narHash": "sha256-wzM6HN0xxyooekXfl7p5P4Bn0LieOKOfsLg4DqY7XLk=",
        "owner": "NixOS",
        "repo": "nixpkgs",
        "rev": "114484ca7213ac06fa7907e58dd8ef9d801d39f0",
        "type": "github"
      },
      "original": {
        "owner": "NixOS",
        "repo": "nixpkgs",
        "type": "github"
      }
    },
    "nixpkgs_2": {
      "locked": {
        "lastModified": 1744536153,
        "narHash": "sha256-awS2zRgF4uTwrOKwwiJcByDzDOdo3Q1rPZbiHQg/N38=",
        "owner": "NixOS",
        "repo": "nixpkgs",
        "rev": "18dd725c29603f582cf1900e0d25f9f1063dbf11",
        "type": "github"
      },
      "original": {
        "owner": "NixOS",
        "ref": "nixpkgs-unstable",
        "repo": "nixpkgs",
        "type": "github"
      }
    },
    "root": {
      "inputs": {
        "nixpkgs": "nixpkgs",
        "rust-overlay": "rust-overlay"
      }
    },
    "rust-overlay": {
      "inputs": {
        "nixpkgs": "nixpkgs_2"
      },
      "locked": {
        "lastModified": 1754276100,
        "narHash": "sha256-VmYP9Jo0U234xtGTGtihqNHfGy1JZ1h9WaaJlIuzgCk=",
        "owner": "oxalica",
        "repo": "rust-overlay",
        "rev": "dc2d2489572fa8a3b86c15ff9fd01f99b90cb90d",
        "type": "github"
      },
      "original": {
        "owner": "oxalica",
        "repo": "rust-overlay",
        "type": "github"
      }
    }
  },
  "root": "root",
  "version": 7
}
